
Microsoft Visual Studio Solution File, Format Version 12.00
# Visual Studio Version 16
VisualStudioVersion = 16.0.30011.22
MinimumVisualStudioVersion = 10.0.40219.1
Project("{FAE04EC0-301F-11D3-BF4B-00C04F79EFBC}") = "ProyectoSaludoGitHubDos", "ProyectoSaludoGitHubDos\ProyectoSaludoGitHubDos.csproj", "{9100EFD3-5073-4B23-9103-1F2B62A7D389}"
EndProject
Global
	GlobalSection(SolutionConfigurationPlatforms) = preSolution
		Debug|Any CPU = Debug|Any CPU
		Release|Any CPU = Release|Any CPU
	EndGlobalSection
	GlobalSection(ProjectConfigurationPlatforms) = postSolution
		{9100EFD3-5073-4B23-9103-1F2B62A7D389}.Debug|Any CPU.ActiveCfg = Debug|Any CPU
		{9100EFD3-5073-4B23-9103-1F2B62A7D389}.Debug|Any CPU.Build.0 = Debug|Any CPU
		{9100EFD3-5073-4B23-9103-1F2B62A7D389}.Release|Any CPU.ActiveCfg = Release|Any CPU
		{9100EFD3-5073-4B23-9103-1F2B62A7D389}.Release|Any CPU.Build.0 = Release|Any CPU
	EndGlobalSection
	GlobalSection(SolutionProperties) = preSolution
		HideSolutionNode = FALSE
	EndGlobalSection
	GlobalSection(ExtensibilityGlobals) = postSolution
		SolutionGuid = {14E64649-9507-4FF2-AD96-8DD79A324CF9}
	EndGlobalSection
EndGlobal
